
Microsoft Visual Studio Solution File, Format Version 12.00
# Visual Studio Version 16
VisualStudioVersion = 16.0.31729.503
MinimumVisualStudioVersion = 10.0.40219.1
Project("{9A19103F-16F7-4668-BE54-9A1E7A4F7556}") = "FlatLine", "FlatLine\FlatLine.csproj", "{BC33674C-4258-4F15-AF8D-B5C60735526B}"
EndProject
Project("{9A19103F-16F7-4668-BE54-9A1E7A4F7556}") = "BusinessLogic", "BusinessLogic\BusinessLogic.csproj", "{ABB5E45B-4D9C-429A-AE93-CF74B9312C2D}"
EndProject
Project("{FAE04EC0-301F-11D3-BF4B-00C04F79EFBC}") = "DataAccessLogic", "FlatLineDatabase\DataAccessLogic.csproj", "{C0A131CC-DD6A-433E-9390-A80EEDB8CC65}"
EndProject
Global
	GlobalSection(SolutionConfigurationPlatforms) = preSolution
		Debug|Any CPU = Debug|Any CPU
		Release|Any CPU = Release|Any CPU
	EndGlobalSection
	GlobalSection(ProjectConfigurationPlatforms) = postSolution
		{BC33674C-4258-4F15-AF8D-B5C60735526B}.Debug|Any CPU.ActiveCfg = Debug|Any CPU
		{BC33674C-4258-4F15-AF8D-B5C60735526B}.Debug|Any CPU.Build.0 = Debug|Any CPU
		{BC33674C-4258-4F15-AF8D-B5C60735526B}.Release|Any CPU.ActiveCfg = Release|Any CPU
		{BC33674C-4258-4F15-AF8D-B5C60735526B}.Release|Any CPU.Build.0 = Release|Any CPU
		{ABB5E45B-4D9C-429A-AE93-CF74B9312C2D}.Debug|Any CPU.ActiveCfg = Debug|Any CPU
		{ABB5E45B-4D9C-429A-AE93-CF74B9312C2D}.Debug|Any CPU.Build.0 = Debug|Any CPU
		{ABB5E45B-4D9C-429A-AE93-CF74B9312C2D}.Release|Any CPU.ActiveCfg = Release|Any CPU
		{ABB5E45B-4D9C-429A-AE93-CF74B9312C2D}.Release|Any CPU.Build.0 = Release|Any CPU
		{C0A131CC-DD6A-433E-9390-A80EEDB8CC65}.Debug|Any CPU.ActiveCfg = Debug|Any CPU
		{C0A131CC-DD6A-433E-9390-A80EEDB8CC65}.Debug|Any CPU.Build.0 = Debug|Any CPU
		{C0A131CC-DD6A-433E-9390-A80EEDB8CC65}.Release|Any CPU.ActiveCfg = Release|Any CPU
		{C0A131CC-DD6A-433E-9390-A80EEDB8CC65}.Release|Any CPU.Build.0 = Release|Any CPU
	EndGlobalSection
	GlobalSection(SolutionProperties) = preSolution
		HideSolutionNode = FALSE
	EndGlobalSection
	GlobalSection(ExtensibilityGlobals) = postSolution
		SolutionGuid = {BADBAB73-27CF-497B-85FA-23F146FF0CB2}
	EndGlobalSection
EndGlobal
